
Microsoft Visual Studio Solution File, Format Version 12.00
# Visual Studio Version 16
VisualStudioVersion = 16.0.30406.217
MinimumVisualStudioVersion = 10.0.40219.1
Project("{FAE04EC0-301F-11D3-BF4B-00C04F79EFBC}") = "TestFoodOrder", "TestFoodOrder\TestFoodOrder.csproj", "{23894052-E1BF-4B31-AB1F-20034831C7AB}"
EndProject
Global
	GlobalSection(SolutionConfigurationPlatforms) = preSolution
		Debug|Any CPU = Debug|Any CPU
		Release|Any CPU = Release|Any CPU
	EndGlobalSection
	GlobalSection(ProjectConfigurationPlatforms) = postSolution
		{23894052-E1BF-4B31-AB1F-20034831C7AB}.Debug|Any CPU.ActiveCfg = Debug|Any CPU
		{23894052-E1BF-4B31-AB1F-20034831C7AB}.Debug|Any CPU.Build.0 = Debug|Any CPU
		{23894052-E1BF-4B31-AB1F-20034831C7AB}.Release|Any CPU.ActiveCfg = Release|Any CPU
		{23894052-E1BF-4B31-AB1F-20034831C7AB}.Release|Any CPU.Build.0 = Release|Any CPU
	EndGlobalSection
	GlobalSection(SolutionProperties) = preSolution
		HideSolutionNode = FALSE
	EndGlobalSection
	GlobalSection(ExtensibilityGlobals) = postSolution
		SolutionGuid = {151D9DFA-956F-4151-8061-C29C52357A97}
	EndGlobalSection
EndGlobal
